
Microsoft Visual Studio Solution File, Format Version 12.00
Project("{FAE04EC0-301F-11D3-BF4B-00C04F79EFBC}") = "AppAgentIntegration", "AppAgentIntegration\AppAgentIntegration.csproj", "{173C7B4E-B21B-46CB-AD5A-1C2E6F76DB03}"
EndProject
Global
	GlobalSection(SolutionConfigurationPlatforms) = preSolution
		Debug|Any CPU = Debug|Any CPU
		Release|Any CPU = Release|Any CPU
	EndGlobalSection
	GlobalSection(ProjectConfigurationPlatforms) = postSolution
		{173C7B4E-B21B-46CB-AD5A-1C2E6F76DB03}.Debug|Any CPU.ActiveCfg = Debug|Any CPU
		{173C7B4E-B21B-46CB-AD5A-1C2E6F76DB03}.Debug|Any CPU.Build.0 = Debug|Any CPU
		{173C7B4E-B21B-46CB-AD5A-1C2E6F76DB03}.Release|Any CPU.ActiveCfg = Release|Any CPU
		{173C7B4E-B21B-46CB-AD5A-1C2E6F76DB03}.Release|Any CPU.Build.0 = Release|Any CPU
	EndGlobalSection
EndGlobal
